
Microsoft Visual Studio Solution File, Format Version 12.00
# Visual Studio Version 16
VisualStudioVersion = 16.0.28803.202
MinimumVisualStudioVersion = 10.0.40219.1
Project("{FAE04EC0-301F-11D3-BF4B-00C04F79EFBC}") = "01.Box", "01.Box\01.Box.csproj", "{F89A4E35-3C66-41D9-BA58-E3A1E1932E43}"
EndProject
Project("{FAE04EC0-301F-11D3-BF4B-00C04F79EFBC}") = "02.ArrayCreator", "02.ArrayCreator\02.ArrayCreator.csproj", "{87769EEE-BDFA-4599-9B15-B44B61CABC06}"
EndProject
Project("{FAE04EC0-301F-11D3-BF4B-00C04F79EFBC}") = "03.GenericScale", "03.GenericScale\03.GenericScale.csproj", "{67D1DF19-A0BB-4EC3-BCD6-5EB8927F6982}"
EndProject
Global
	GlobalSection(SolutionConfigurationPlatforms) = preSolution
		Debug|Any CPU = Debug|Any CPU
		Release|Any CPU = Release|Any CPU
	EndGlobalSection
	GlobalSection(ProjectConfigurationPlatforms) = postSolution
		{F89A4E35-3C66-41D9-BA58-E3A1E1932E43}.Debug|Any CPU.ActiveCfg = Debug|Any CPU
		{F89A4E35-3C66-41D9-BA58-E3A1E1932E43}.Debug|Any CPU.Build.0 = Debug|Any CPU
		{F89A4E35-3C66-41D9-BA58-E3A1E1932E43}.Release|Any CPU.ActiveCfg = Release|Any CPU
		{F89A4E35-3C66-41D9-BA58-E3A1E1932E43}.Release|Any CPU.Build.0 = Release|Any CPU
		{87769EEE-BDFA-4599-9B15-B44B61CABC06}.Debug|Any CPU.ActiveCfg = Debug|Any CPU
		{87769EEE-BDFA-4599-9B15-B44B61CABC06}.Debug|Any CPU.Build.0 = Debug|Any CPU
		{87769EEE-BDFA-4599-9B15-B44B61CABC06}.Release|Any CPU.ActiveCfg = Release|Any CPU
		{87769EEE-BDFA-4599-9B15-B44B61CABC06}.Release|Any CPU.Build.0 = Release|Any CPU
		{67D1DF19-A0BB-4EC3-BCD6-5EB8927F6982}.Debug|Any CPU.ActiveCfg = Debug|Any CPU
		{67D1DF19-A0BB-4EC3-BCD6-5EB8927F6982}.Debug|Any CPU.Build.0 = Debug|Any CPU
		{67D1DF19-A0BB-4EC3-BCD6-5EB8927F6982}.Release|Any CPU.ActiveCfg = Release|Any CPU
		{67D1DF19-A0BB-4EC3-BCD6-5EB8927F6982}.Release|Any CPU.Build.0 = Release|Any CPU
	EndGlobalSection
	GlobalSection(SolutionProperties) = preSolution
		HideSolutionNode = FALSE
	EndGlobalSection
	GlobalSection(ExtensibilityGlobals) = postSolution
		SolutionGuid = {80A01E9B-4DEF-4907-BDAF-415E1F474E7A}
	EndGlobalSection
EndGlobal
