
Microsoft Visual Studio Solution File, Format Version 12.00
# Visual Studio Version 16
VisualStudioVersion = 16.0.28803.202
MinimumVisualStudioVersion = 10.0.40219.1
Project("{FAE04EC0-301F-11D3-BF4B-00C04F79EFBC}") = "01.Library", "01.Library\01.Library.csproj", "{F11D5FB2-B542-4F69-AD1B-A64A9103E0DF}"
EndProject
Global
	GlobalSection(SolutionConfigurationPlatforms) = preSolution
		Debug|Any CPU = Debug|Any CPU
		Release|Any CPU = Release|Any CPU
	EndGlobalSection
	GlobalSection(ProjectConfigurationPlatforms) = postSolution
		{F11D5FB2-B542-4F69-AD1B-A64A9103E0DF}.Debug|Any CPU.ActiveCfg = Debug|Any CPU
		{F11D5FB2-B542-4F69-AD1B-A64A9103E0DF}.Debug|Any CPU.Build.0 = Debug|Any CPU
		{F11D5FB2-B542-4F69-AD1B-A64A9103E0DF}.Release|Any CPU.ActiveCfg = Release|Any CPU
		{F11D5FB2-B542-4F69-AD1B-A64A9103E0DF}.Release|Any CPU.Build.0 = Release|Any CPU
	EndGlobalSection
	GlobalSection(SolutionProperties) = preSolution
		HideSolutionNode = FALSE
	EndGlobalSection
	GlobalSection(ExtensibilityGlobals) = postSolution
		SolutionGuid = {F08F2E3D-E7DE-4A25-8A28-312FB1408D85}
	EndGlobalSection
EndGlobal
