
Microsoft Visual Studio Solution File, Format Version 12.00
# Visual Studio Version 16
VisualStudioVersion = 16.0.28803.202
MinimumVisualStudioVersion = 10.0.40219.1
Project("{FAE04EC0-301F-11D3-BF4B-00C04F79EFBC}") = "01.CountSameValuesInArray", "01.CountSameValuesInArray\01.CountSameValuesInArray.csproj", "{59CC3E78-4C3C-4090-8C17-D9043ADFC50A}"
EndProject
Project("{FAE04EC0-301F-11D3-BF4B-00C04F79EFBC}") = "02.AverageStudentGrades", "02.AverageStudentGrades\02.AverageStudentGrades.csproj", "{4C9A89E0-0BFE-4BB4-B354-2755B619C21D}"
EndProject
Project("{FAE04EC0-301F-11D3-BF4B-00C04F79EFBC}") = "03.ProductShop", "03.ProductShop\03.ProductShop.csproj", "{F6D1B860-13C8-4FF4-8E7D-9F4BEF5EE358}"
EndProject
Project("{FAE04EC0-301F-11D3-BF4B-00C04F79EFBC}") = "04.CitiesByContinentAndCountry", "04.CitiesByContinentAndCountry\04.CitiesByContinentAndCountry.csproj", "{1A8AEC23-93AD-48BB-B6B4-04B291DBCB6D}"
EndProject
Project("{FAE04EC0-301F-11D3-BF4B-00C04F79EFBC}") = "05.RecordUniqueNames", "05.RecordUniqueNames\05.RecordUniqueNames.csproj", "{66C0A00D-2328-4108-8EBE-76B39E0E6D36}"
EndProject
Project("{FAE04EC0-301F-11D3-BF4B-00C04F79EFBC}") = "06.ParkingLot", "06.ParkingLot\06.ParkingLot.csproj", "{1F5D9A83-B9EE-4B9E-9821-8E03916DA7BB}"
EndProject
Project("{FAE04EC0-301F-11D3-BF4B-00C04F79EFBC}") = "07.SoftUniParty", "07.SoftUniParty\07.SoftUniParty.csproj", "{755C23EB-5D1A-4C27-9F37-9EEC6017360E}"
EndProject
Global
	GlobalSection(SolutionConfigurationPlatforms) = preSolution
		Debug|Any CPU = Debug|Any CPU
		Release|Any CPU = Release|Any CPU
	EndGlobalSection
	GlobalSection(ProjectConfigurationPlatforms) = postSolution
		{59CC3E78-4C3C-4090-8C17-D9043ADFC50A}.Debug|Any CPU.ActiveCfg = Debug|Any CPU
		{59CC3E78-4C3C-4090-8C17-D9043ADFC50A}.Debug|Any CPU.Build.0 = Debug|Any CPU
		{59CC3E78-4C3C-4090-8C17-D9043ADFC50A}.Release|Any CPU.ActiveCfg = Release|Any CPU
		{59CC3E78-4C3C-4090-8C17-D9043ADFC50A}.Release|Any CPU.Build.0 = Release|Any CPU
		{4C9A89E0-0BFE-4BB4-B354-2755B619C21D}.Debug|Any CPU.ActiveCfg = Debug|Any CPU
		{4C9A89E0-0BFE-4BB4-B354-2755B619C21D}.Debug|Any CPU.Build.0 = Debug|Any CPU
		{4C9A89E0-0BFE-4BB4-B354-2755B619C21D}.Release|Any CPU.ActiveCfg = Release|Any CPU
		{4C9A89E0-0BFE-4BB4-B354-2755B619C21D}.Release|Any CPU.Build.0 = Release|Any CPU
		{F6D1B860-13C8-4FF4-8E7D-9F4BEF5EE358}.Debug|Any CPU.ActiveCfg = Debug|Any CPU
		{F6D1B860-13C8-4FF4-8E7D-9F4BEF5EE358}.Debug|Any CPU.Build.0 = Debug|Any CPU
		{F6D1B860-13C8-4FF4-8E7D-9F4BEF5EE358}.Release|Any CPU.ActiveCfg = Release|Any CPU
		{F6D1B860-13C8-4FF4-8E7D-9F4BEF5EE358}.Release|Any CPU.Build.0 = Release|Any CPU
		{1A8AEC23-93AD-48BB-B6B4-04B291DBCB6D}.Debug|Any CPU.ActiveCfg = Debug|Any CPU
		{1A8AEC23-93AD-48BB-B6B4-04B291DBCB6D}.Debug|Any CPU.Build.0 = Debug|Any CPU
		{1A8AEC23-93AD-48BB-B6B4-04B291DBCB6D}.Release|Any CPU.ActiveCfg = Release|Any CPU
		{1A8AEC23-93AD-48BB-B6B4-04B291DBCB6D}.Release|Any CPU.Build.0 = Release|Any CPU
		{66C0A00D-2328-4108-8EBE-76B39E0E6D36}.Debug|Any CPU.ActiveCfg = Debug|Any CPU
		{66C0A00D-2328-4108-8EBE-76B39E0E6D36}.Debug|Any CPU.Build.0 = Debug|Any CPU
		{66C0A00D-2328-4108-8EBE-76B39E0E6D36}.Release|Any CPU.ActiveCfg = Release|Any CPU
		{66C0A00D-2328-4108-8EBE-76B39E0E6D36}.Release|Any CPU.Build.0 = Release|Any CPU
		{1F5D9A83-B9EE-4B9E-9821-8E03916DA7BB}.Debug|Any CPU.ActiveCfg = Debug|Any CPU
		{1F5D9A83-B9EE-4B9E-9821-8E03916DA7BB}.Debug|Any CPU.Build.0 = Debug|Any CPU
		{1F5D9A83-B9EE-4B9E-9821-8E03916DA7BB}.Release|Any CPU.ActiveCfg = Release|Any CPU
		{1F5D9A83-B9EE-4B9E-9821-8E03916DA7BB}.Release|Any CPU.Build.0 = Release|Any CPU
		{755C23EB-5D1A-4C27-9F37-9EEC6017360E}.Debug|Any CPU.ActiveCfg = Debug|Any CPU
		{755C23EB-5D1A-4C27-9F37-9EEC6017360E}.Debug|Any CPU.Build.0 = Debug|Any CPU
		{755C23EB-5D1A-4C27-9F37-9EEC6017360E}.Release|Any CPU.ActiveCfg = Release|Any CPU
		{755C23EB-5D1A-4C27-9F37-9EEC6017360E}.Release|Any CPU.Build.0 = Release|Any CPU
	EndGlobalSection
	GlobalSection(SolutionProperties) = preSolution
		HideSolutionNode = FALSE
	EndGlobalSection
	GlobalSection(ExtensibilityGlobals) = postSolution
		SolutionGuid = {07BA9BAF-4B3E-4507-B621-2607DCFE44E2}
	EndGlobalSection
EndGlobal
