
Microsoft Visual Studio Solution File, Format Version 12.00
# Visual Studio Version 16
VisualStudioVersion = 16.0.28803.202
MinimumVisualStudioVersion = 10.0.40219.1
Project("{9A19103F-16F7-4668-BE54-9A1E7A4F7556}") = "01.TheGarden", "01.TheGarden\01.TheGarden.csproj", "{D568C77E-F78F-4DA4-A627-AAA466E73F1D}"
EndProject
Project("{9A19103F-16F7-4668-BE54-9A1E7A4F7556}") = "02.MakeASalad", "02.MakeASalad\02.MakeASalad.csproj", "{C6BCBE20-B4F1-48CC-B6D6-A4DD24D6B10F}"
EndProject
Project("{9A19103F-16F7-4668-BE54-9A1E7A4F7556}") = "HealthyHeaven", "HealthyHeaven\HealthyHeaven.csproj", "{5705F2C0-E0A0-4DCA-BFF9-7E76527C65CA}"
EndProject
Global
	GlobalSection(SolutionConfigurationPlatforms) = preSolution
		Debug|Any CPU = Debug|Any CPU
		Release|Any CPU = Release|Any CPU
	EndGlobalSection
	GlobalSection(ProjectConfigurationPlatforms) = postSolution
		{D568C77E-F78F-4DA4-A627-AAA466E73F1D}.Debug|Any CPU.ActiveCfg = Debug|Any CPU
		{D568C77E-F78F-4DA4-A627-AAA466E73F1D}.Debug|Any CPU.Build.0 = Debug|Any CPU
		{D568C77E-F78F-4DA4-A627-AAA466E73F1D}.Release|Any CPU.ActiveCfg = Release|Any CPU
		{D568C77E-F78F-4DA4-A627-AAA466E73F1D}.Release|Any CPU.Build.0 = Release|Any CPU
		{C6BCBE20-B4F1-48CC-B6D6-A4DD24D6B10F}.Debug|Any CPU.ActiveCfg = Debug|Any CPU
		{C6BCBE20-B4F1-48CC-B6D6-A4DD24D6B10F}.Debug|Any CPU.Build.0 = Debug|Any CPU
		{C6BCBE20-B4F1-48CC-B6D6-A4DD24D6B10F}.Release|Any CPU.ActiveCfg = Release|Any CPU
		{C6BCBE20-B4F1-48CC-B6D6-A4DD24D6B10F}.Release|Any CPU.Build.0 = Release|Any CPU
		{5705F2C0-E0A0-4DCA-BFF9-7E76527C65CA}.Debug|Any CPU.ActiveCfg = Debug|Any CPU
		{5705F2C0-E0A0-4DCA-BFF9-7E76527C65CA}.Debug|Any CPU.Build.0 = Debug|Any CPU
		{5705F2C0-E0A0-4DCA-BFF9-7E76527C65CA}.Release|Any CPU.ActiveCfg = Release|Any CPU
		{5705F2C0-E0A0-4DCA-BFF9-7E76527C65CA}.Release|Any CPU.Build.0 = Release|Any CPU
	EndGlobalSection
	GlobalSection(SolutionProperties) = preSolution
		HideSolutionNode = FALSE
	EndGlobalSection
	GlobalSection(ExtensibilityGlobals) = postSolution
		SolutionGuid = {6FFFC191-28F4-4892-B8BB-30EB2CD4ED43}
	EndGlobalSection
EndGlobal
