
Microsoft Visual Studio Solution File, Format Version 12.00
# Visual Studio Version 16
VisualStudioVersion = 16.0.28803.202
MinimumVisualStudioVersion = 10.0.40219.1
Project("{9A19103F-16F7-4668-BE54-9A1E7A4F7556}") = "01.OddLines", "01.OddLines\01.OddLines.csproj", "{20FA346D-5854-4DCD-A0FF-E74B47E1C685}"
EndProject
Project("{9A19103F-16F7-4668-BE54-9A1E7A4F7556}") = "02.LineNumbers", "02.LineNumbers\02.LineNumbers.csproj", "{27ED61DB-F878-479D-9204-637367EB88C9}"
EndProject
Project("{9A19103F-16F7-4668-BE54-9A1E7A4F7556}") = "03.WordCount", "03.WordCount\03.WordCount.csproj", "{BB606DA9-BA23-416C-8AAA-243D07399ED2}"
EndProject
Project("{FAE04EC0-301F-11D3-BF4B-00C04F79EFBC}") = "04.MergeFiles", "04.MergeFiles\04.MergeFiles.csproj", "{ACF2CEDF-F6A1-4107-9C8A-74275035AB5D}"
EndProject
Project("{FAE04EC0-301F-11D3-BF4B-00C04F79EFBC}") = "05.SliceAFile", "05.SliceAFile\05.SliceAFile.csproj", "{F3B2CCDB-B741-4068-9C6F-2E7F9F4B47B8}"
EndProject
Project("{FAE04EC0-301F-11D3-BF4B-00C04F79EFBC}") = "06.FolderSize", "06.FolderSize\06.FolderSize.csproj", "{ACA5B8AE-1906-4005-9615-C6A1CD6B397D}"
EndProject
Global
	GlobalSection(SolutionConfigurationPlatforms) = preSolution
		Debug|Any CPU = Debug|Any CPU
		Release|Any CPU = Release|Any CPU
	EndGlobalSection
	GlobalSection(ProjectConfigurationPlatforms) = postSolution
		{20FA346D-5854-4DCD-A0FF-E74B47E1C685}.Debug|Any CPU.ActiveCfg = Debug|Any CPU
		{20FA346D-5854-4DCD-A0FF-E74B47E1C685}.Debug|Any CPU.Build.0 = Debug|Any CPU
		{20FA346D-5854-4DCD-A0FF-E74B47E1C685}.Release|Any CPU.ActiveCfg = Release|Any CPU
		{20FA346D-5854-4DCD-A0FF-E74B47E1C685}.Release|Any CPU.Build.0 = Release|Any CPU
		{27ED61DB-F878-479D-9204-637367EB88C9}.Debug|Any CPU.ActiveCfg = Debug|Any CPU
		{27ED61DB-F878-479D-9204-637367EB88C9}.Debug|Any CPU.Build.0 = Debug|Any CPU
		{27ED61DB-F878-479D-9204-637367EB88C9}.Release|Any CPU.ActiveCfg = Release|Any CPU
		{27ED61DB-F878-479D-9204-637367EB88C9}.Release|Any CPU.Build.0 = Release|Any CPU
		{BB606DA9-BA23-416C-8AAA-243D07399ED2}.Debug|Any CPU.ActiveCfg = Debug|Any CPU
		{BB606DA9-BA23-416C-8AAA-243D07399ED2}.Debug|Any CPU.Build.0 = Debug|Any CPU
		{BB606DA9-BA23-416C-8AAA-243D07399ED2}.Release|Any CPU.ActiveCfg = Release|Any CPU
		{BB606DA9-BA23-416C-8AAA-243D07399ED2}.Release|Any CPU.Build.0 = Release|Any CPU
		{ACF2CEDF-F6A1-4107-9C8A-74275035AB5D}.Debug|Any CPU.ActiveCfg = Debug|Any CPU
		{ACF2CEDF-F6A1-4107-9C8A-74275035AB5D}.Debug|Any CPU.Build.0 = Debug|Any CPU
		{ACF2CEDF-F6A1-4107-9C8A-74275035AB5D}.Release|Any CPU.ActiveCfg = Release|Any CPU
		{ACF2CEDF-F6A1-4107-9C8A-74275035AB5D}.Release|Any CPU.Build.0 = Release|Any CPU
		{F3B2CCDB-B741-4068-9C6F-2E7F9F4B47B8}.Debug|Any CPU.ActiveCfg = Debug|Any CPU
		{F3B2CCDB-B741-4068-9C6F-2E7F9F4B47B8}.Debug|Any CPU.Build.0 = Debug|Any CPU
		{F3B2CCDB-B741-4068-9C6F-2E7F9F4B47B8}.Release|Any CPU.ActiveCfg = Release|Any CPU
		{F3B2CCDB-B741-4068-9C6F-2E7F9F4B47B8}.Release|Any CPU.Build.0 = Release|Any CPU
		{ACA5B8AE-1906-4005-9615-C6A1CD6B397D}.Debug|Any CPU.ActiveCfg = Debug|Any CPU
		{ACA5B8AE-1906-4005-9615-C6A1CD6B397D}.Debug|Any CPU.Build.0 = Debug|Any CPU
		{ACA5B8AE-1906-4005-9615-C6A1CD6B397D}.Release|Any CPU.ActiveCfg = Release|Any CPU
		{ACA5B8AE-1906-4005-9615-C6A1CD6B397D}.Release|Any CPU.Build.0 = Release|Any CPU
	EndGlobalSection
	GlobalSection(SolutionProperties) = preSolution
		HideSolutionNode = FALSE
	EndGlobalSection
	GlobalSection(ExtensibilityGlobals) = postSolution
		SolutionGuid = {7AB4F10E-A892-4D93-9250-C0D2F24F7F12}
	EndGlobalSection
EndGlobal
