
Microsoft Visual Studio Solution File, Format Version 12.00
# Visual Studio Version 16
VisualStudioVersion = 16.0.28803.202
MinimumVisualStudioVersion = 10.0.40219.1
Project("{FAE04EC0-301F-11D3-BF4B-00C04F79EFBC}") = "01.RecursiveArraySum", "01.RecursiveArraySum\01.RecursiveArraySum.csproj", "{267875CF-F5C6-4138-A0A8-8A02DB6B8D35}"
EndProject
Project("{FAE04EC0-301F-11D3-BF4B-00C04F79EFBC}") = "02.RecursiveFactorial", "02.RecursiveFactorial\02.RecursiveFactorial.csproj", "{DBB76DC1-7B42-47FE-9948-2C96214E5C89}"
EndProject
Project("{FAE04EC0-301F-11D3-BF4B-00C04F79EFBC}") = "03.SumOfCoins", "03.SumOfCoins\03.SumOfCoins.csproj", "{0A2FFB97-9B9D-4A96-8FD9-B0B5A7E33CA2}"
EndProject
Project("{FAE04EC0-301F-11D3-BF4B-00C04F79EFBC}") = "04.SetCover", "04.SetCover\04.SetCover.csproj", "{44B49945-1AC2-416A-BCE1-8D9FCE97BEA2}"
EndProject
Global
	GlobalSection(SolutionConfigurationPlatforms) = preSolution
		Debug|Any CPU = Debug|Any CPU
		Release|Any CPU = Release|Any CPU
	EndGlobalSection
	GlobalSection(ProjectConfigurationPlatforms) = postSolution
		{267875CF-F5C6-4138-A0A8-8A02DB6B8D35}.Debug|Any CPU.ActiveCfg = Debug|Any CPU
		{267875CF-F5C6-4138-A0A8-8A02DB6B8D35}.Debug|Any CPU.Build.0 = Debug|Any CPU
		{267875CF-F5C6-4138-A0A8-8A02DB6B8D35}.Release|Any CPU.ActiveCfg = Release|Any CPU
		{267875CF-F5C6-4138-A0A8-8A02DB6B8D35}.Release|Any CPU.Build.0 = Release|Any CPU
		{DBB76DC1-7B42-47FE-9948-2C96214E5C89}.Debug|Any CPU.ActiveCfg = Debug|Any CPU
		{DBB76DC1-7B42-47FE-9948-2C96214E5C89}.Debug|Any CPU.Build.0 = Debug|Any CPU
		{DBB76DC1-7B42-47FE-9948-2C96214E5C89}.Release|Any CPU.ActiveCfg = Release|Any CPU
		{DBB76DC1-7B42-47FE-9948-2C96214E5C89}.Release|Any CPU.Build.0 = Release|Any CPU
		{0A2FFB97-9B9D-4A96-8FD9-B0B5A7E33CA2}.Debug|Any CPU.ActiveCfg = Debug|Any CPU
		{0A2FFB97-9B9D-4A96-8FD9-B0B5A7E33CA2}.Debug|Any CPU.Build.0 = Debug|Any CPU
		{0A2FFB97-9B9D-4A96-8FD9-B0B5A7E33CA2}.Release|Any CPU.ActiveCfg = Release|Any CPU
		{0A2FFB97-9B9D-4A96-8FD9-B0B5A7E33CA2}.Release|Any CPU.Build.0 = Release|Any CPU
		{44B49945-1AC2-416A-BCE1-8D9FCE97BEA2}.Debug|Any CPU.ActiveCfg = Debug|Any CPU
		{44B49945-1AC2-416A-BCE1-8D9FCE97BEA2}.Debug|Any CPU.Build.0 = Debug|Any CPU
		{44B49945-1AC2-416A-BCE1-8D9FCE97BEA2}.Release|Any CPU.ActiveCfg = Release|Any CPU
		{44B49945-1AC2-416A-BCE1-8D9FCE97BEA2}.Release|Any CPU.Build.0 = Release|Any CPU
	EndGlobalSection
	GlobalSection(SolutionProperties) = preSolution
		HideSolutionNode = FALSE
	EndGlobalSection
	GlobalSection(ExtensibilityGlobals) = postSolution
		SolutionGuid = {5D3D45C6-4143-492D-8076-57B1E73109AC}
	EndGlobalSection
EndGlobal
